
Microsoft Visual Studio Solution File, Format Version 12.00
# Visual Studio 15
Project("{FAE04EC0-301F-11D3-BF4B-00C04F79EFBC}") = "IT1050Project1", "IT1050Project1\IT1050Project1.csproj", "{ED28ECDB-7A73-4055-9B87-C258A416CEC8}"
EndProject
Global
	GlobalSection(SolutionConfigurationPlatforms) = preSolution
		Debug|Any CPU = Debug|Any CPU
		Release|Any CPU = Release|Any CPU
	EndGlobalSection
	GlobalSection(ProjectConfigurationPlatforms) = postSolution
		{ED28ECDB-7A73-4055-9B87-C258A416CEC8}.Debug|Any CPU.ActiveCfg = Debug|Any CPU
		{ED28ECDB-7A73-4055-9B87-C258A416CEC8}.Debug|Any CPU.Build.0 = Debug|Any CPU
		{ED28ECDB-7A73-4055-9B87-C258A416CEC8}.Release|Any CPU.ActiveCfg = Release|Any CPU
		{ED28ECDB-7A73-4055-9B87-C258A416CEC8}.Release|Any CPU.Build.0 = Release|Any CPU
	EndGlobalSection
EndGlobal
